
Microsoft Visual Studio Solution File, Format Version 12.00
# Visual Studio Version 17
VisualStudioVersion = 17.11.35312.102
MinimumVisualStudioVersion = 10.0.40219.1
Project("{FAE04EC0-301F-11D3-BF4B-00C04F79EFBC}") = "ELITON - INVERSAO DEPENDENCIA", "ELITON - INVERSAO DEPENDENCIA\ELITON - INVERSAO DEPENDENCIA.csproj", "{4BBD7A51-5754-4C0E-ACAD-865A36120B61}"
EndProject
Global
	GlobalSection(SolutionConfigurationPlatforms) = preSolution
		Debug|Any CPU = Debug|Any CPU
		Release|Any CPU = Release|Any CPU
	EndGlobalSection
	GlobalSection(ProjectConfigurationPlatforms) = postSolution
		{4BBD7A51-5754-4C0E-ACAD-865A36120B61}.Debug|Any CPU.ActiveCfg = Debug|Any CPU
		{4BBD7A51-5754-4C0E-ACAD-865A36120B61}.Debug|Any CPU.Build.0 = Debug|Any CPU
		{4BBD7A51-5754-4C0E-ACAD-865A36120B61}.Release|Any CPU.ActiveCfg = Release|Any CPU
		{4BBD7A51-5754-4C0E-ACAD-865A36120B61}.Release|Any CPU.Build.0 = Release|Any CPU
	EndGlobalSection
	GlobalSection(SolutionProperties) = preSolution
		HideSolutionNode = FALSE
	EndGlobalSection
	GlobalSection(ExtensibilityGlobals) = postSolution
		SolutionGuid = {D49DC9B2-58B8-4C3A-A8DE-76BA315279B2}
	EndGlobalSection
EndGlobal
